dependencies:
  bblanchon/arduinojson:
    component_hash: 7ffbe0d932aad0015a6b8586794ec197b1765c3d8af74b72af6055492946a6b0
    source:
      service_url: https://api.components.espressif.com/
      type: service
    version: 7.0.4
  espressif/button:
    component_hash: 16a2f5c573e5b6bac30565fdd4b20a155f24a4b438ae1a3cced89ea84ddce7ae
    source:
      service_url: https://api.components.espressif.com/
      type: service
    version: 3.2.1
  espressif/cmake_utilities:
    component_hash: 351350613ceafba240b761b4ea991e0f231ac7a9f59a9ee901f751bddc0bb18f
    source:
      service_url: https://api.components.espressif.com/
      type: service
    version: 0.5.3
  espressif/esp-dsp:
    component_hash: 3e7bbd487f1357a1d4944d0c85966d049501ea281b8a4c7f93f7cfedd5b7f23d
    source:
      service_url: https://api.components.espressif.com/
      type: service
    version: 1.4.12
  espressif/esp_modem:
    component_hash: e48da33fee082dd9d9a97a354a228057e07a14ac108766b40ad84e018205410a
    source:
      service_url: https://api.components.espressif.com/
      type: service
    version: 1.1.0
  espressif/esp_modem_usb_dte:
    component_hash: 49f66a3bd49202e36168cf092a1dc453548d488e8f4560ac7e7d21802583e8a7
    source:
      service_url: https://api.components.espressif.com/
      type: service
    version: 1.2.1
  espressif/esp_tinyusb:
    component_hash: f151d680d6847bfcfd5d8eb6d1c3ff926c208e6b963b2e83643a141bc70baa15
    source:
      service_url: https://api.components.espressif.com/
      type: service
    version: 1.4.4
  espressif/esp_websocket_client:
    component_hash: ae561d39222a399ddda5e470913c3d54a3c0f53dce15b8d21a3aaa4226dd74b1
    source:
      service_url: https://api.components.espressif.com/
      type: service
    version: 1.2.3
  espressif/iot_bridge:
    component_hash: null
    source:
      path: C:\Users\chaim\Documents\projects\clickerProject\clicker-idf-5.1\components\espressif__iot_bridge
      type: local
    version: 0.11.7
  espressif/mdns:
    component_hash: 31117d76cae83a6d83ffd7f035f6fdae5bd05b914fc30b641afeb208b84de19a
    source:
      service_url: https://api.components.espressif.com/
      type: service
    version: 1.3.2
  espressif/mesh_lite:
    component_hash: a1fc90498dd5ba4c08a81dd97a6e739b9c0e61682e2d82ec78a6eb6529cb3d18
    source:
      service_url: https://api.components.espressif.com/
      type: service
    version: 0.10.5
  espressif/ssd1306:
    component_hash: 102cfc05b1b304862fa3f494e9dd955844bcc5f6cb16596e4ca5df3e6bf9fd0d
    source:
      service_url: https://api.components.espressif.com/
      type: service
    version: 1.0.5~1
  espressif/tinyusb:
    component_hash: 214989d502fc168241a4a4f83b097d8ac44a93cd6f1787b4ac10069a8b3bebd3
    source:
      service_url: https://api.components.espressif.com/
      type: service
    version: 0.15.0~10
  espressif/usb_host_cdc_acm:
    component_hash: ab16b9893f0c23a26bf620ce968b75b3a1a9394e579257a468202ec9803d937d
    source:
      service_url: https://api.components.espressif.com/
      type: service
    version: 2.0.3
  idf:
    component_hash: null
    source:
      type: idf
    version: 5.1.4
  joltwallet/littlefs:
    component_hash: 82fe9d7d57b5b95d29532aec744f3cfdf9ae1775ac0ca52ac61fc6dd7cf53dba
    source:
      service_url: https://api.components.espressif.com/
      type: service
    version: 1.14.6
manifest_hash: 49221a85998020aa103520af5681b061da3230ba43d02ac4ba7027c4f5d53dc3
target: esp32s3
version: 1.0.0
